
Microsoft Visual Studio Solution File, Format Version 12.00
# Visual Studio 14
VisualStudioVersion = 14.0.24720.0
MinimumVisualStudioVersion = 10.0.40219.1
Project("{FAE04EC0-301F-11D3-BF4B-00C04F79EFBC}") = "TiedostoTallennusHarjoitusOMa", "TiedostoTallennusHarjoitusOMa\TiedostoTallennusHarjoitusOMa.csproj", "{DFAD5613-AC9D-401D-95D9-2AAB4A1057DE}"
EndProject
Global
	GlobalSection(SolutionConfigurationPlatforms) = preSolution
		Debug|Any CPU = Debug|Any CPU
		Release|Any CPU = Release|Any CPU
	EndGlobalSection
	GlobalSection(ProjectConfigurationPlatforms) = postSolution
		{DFAD5613-AC9D-401D-95D9-2AAB4A1057DE}.Debug|Any CPU.ActiveCfg = Debug|Any CPU
		{DFAD5613-AC9D-401D-95D9-2AAB4A1057DE}.Debug|Any CPU.Build.0 = Debug|Any CPU
		{DFAD5613-AC9D-401D-95D9-2AAB4A1057DE}.Release|Any CPU.ActiveCfg = Release|Any CPU
		{DFAD5613-AC9D-401D-95D9-2AAB4A1057DE}.Release|Any CPU.Build.0 = Release|Any CPU
	EndGlobalSection
	GlobalSection(SolutionProperties) = preSolution
		HideSolutionNode = FALSE
	EndGlobalSection
EndGlobal
